
Microsoft Visual Studio Solution File, Format Version 12.00
# Visual Studio Version 16
VisualStudioVersion = 16.0.30611.23
MinimumVisualStudioVersion = 10.0.40219.1
Project("{9A19103F-16F7-4668-BE54-9A1E7A4F7556}") = "Def_Constructor", "ConsoleApp1\Def_Constructor.csproj", "{F73EF542-3C2A-4E43-88FD-4B3223132E40}"
EndProject
Global
	GlobalSection(SolutionConfigurationPlatforms) = preSolution
		Debug|Any CPU = Debug|Any CPU
		Release|Any CPU = Release|Any CPU
	EndGlobalSection
	GlobalSection(ProjectConfigurationPlatforms) = postSolution
		{F73EF542-3C2A-4E43-88FD-4B3223132E40}.Debug|Any CPU.ActiveCfg = Debug|Any CPU
		{F73EF542-3C2A-4E43-88FD-4B3223132E40}.Debug|Any CPU.Build.0 = Debug|Any CPU
		{F73EF542-3C2A-4E43-88FD-4B3223132E40}.Release|Any CPU.ActiveCfg = Release|Any CPU
		{F73EF542-3C2A-4E43-88FD-4B3223132E40}.Release|Any CPU.Build.0 = Release|Any CPU
	EndGlobalSection
	GlobalSection(SolutionProperties) = preSolution
		HideSolutionNode = FALSE
	EndGlobalSection
	GlobalSection(ExtensibilityGlobals) = postSolution
		SolutionGuid = {C119D5D8-F418-413F-8799-6627E1076E81}
	EndGlobalSection
EndGlobal
