
Microsoft Visual Studio Solution File, Format Version 12.00
# Visual Studio Version 16
VisualStudioVersion = 16.0.30611.23
MinimumVisualStudioVersion = 10.0.40219.1
Project("{FAE04EC0-301F-11D3-BF4B-00C04F79EFBC}") = "ParameterizedConstructor", "ParameterizedConstructor\ParameterizedConstructor.csproj", "{6E60ECB4-563F-46A1-BEA0-A22B2BB7483E}"
EndProject
Global
	GlobalSection(SolutionConfigurationPlatforms) = preSolution
		Debug|Any CPU = Debug|Any CPU
		Release|Any CPU = Release|Any CPU
	EndGlobalSection
	GlobalSection(ProjectConfigurationPlatforms) = postSolution
		{6E60ECB4-563F-46A1-BEA0-A22B2BB7483E}.Debug|Any CPU.ActiveCfg = Debug|Any CPU
		{6E60ECB4-563F-46A1-BEA0-A22B2BB7483E}.Debug|Any CPU.Build.0 = Debug|Any CPU
		{6E60ECB4-563F-46A1-BEA0-A22B2BB7483E}.Release|Any CPU.ActiveCfg = Release|Any CPU
		{6E60ECB4-563F-46A1-BEA0-A22B2BB7483E}.Release|Any CPU.Build.0 = Release|Any CPU
	EndGlobalSection
	GlobalSection(SolutionProperties) = preSolution
		HideSolutionNode = FALSE
	EndGlobalSection
	GlobalSection(ExtensibilityGlobals) = postSolution
		SolutionGuid = {7BBD9A11-EB2B-42CF-B815-6016BB77491F}
	EndGlobalSection
EndGlobal
